// !$*UTF8*$!
{
	archiveVersion = 1;
	classes = {
	};
	objectVersion = 50;
	objects = {

/* Begin PBXBuildFile section */
		E72BCE3F255A2730003B18A9 /* AppDelegate.m in Sources */ = {isa = PBXBuildFile; fileRef = E72BCE3E255A2730003B18A9 /* AppDelegate.m */; };
		E72BCE45255A2730003B18A9 /* ViewController.m in Sources */ = {isa = PBXBuildFile; fileRef = E72BCE44255A2730003B18A9 /* ViewController.m */; };
		E72BCE48255A2730003B18A9 /* Main.storyboard in Resources */ = {isa = PBXBuildFile; fileRef = E72BCE46255A2730003B18A9 /* Main.storyboard */; };
		E72BCE4A255A2733003B18A9 /* Assets.xcassets in Resources */ = {isa = PBXBuildFile; fileRef = E72BCE49255A2733003B18A9 /* Assets.xcassets */; };
		E72BCE4D255A2733003B18A9 /* LaunchScreen.storyboard in Resources */ = {isa = PBXBuildFile; fileRef = E72BCE4B255A2733003B18A9 /* LaunchScreen.storyboard */; };
		E72BCE50255A2733003B18A9 /* main.m in Sources */ = {isa = PBXBuildFile; fileRef = E72BCE4F255A2733003B18A9 /* main.m */; };
		E72BCE5A255A2733003B18A9 /* GestureTests.m in Sources */ = {isa = PBXBuildFile; fileRef = E72BCE59255A2733003B18A9 /* GestureTests.m */; };
		E72BCE65255A2733003B18A9 /* GestureUITests.m in Sources */ = {isa = PBXBuildFile; fileRef = E72BCE64255A2733003B18A9 /* GestureUITests.m */; };
		E72BCE7D255A3C5D003B18A9 /* DrawingBoard.m in Sources */ = {isa = PBXBuildFile; fileRef = E72BCE7C255A3C5D003B18A9 /* DrawingBoard.m */; };
		E72BCE83255A46DA003B18A9 /* DrawingBoardImageView.m in Sources */ = {isa = PBXBuildFile; fileRef = E72BCE82255A46DA003B18A9 /* DrawingBoardImageView.m */; };
		E72BCE8D255A6840003B18A9 /* 1.png in Resources */ = {isa = PBXBuildFile; fileRef = E72BCE8C255A6840003B18A9 /* 1.png */; };
		E72BCE9D255A6A96003B18A9 /* background.png in Resources */ = {isa = PBXBuildFile; fileRef = E72BCE9C255A6A96003B18A9 /* background.png */; };
		E72BCEA6255A784F003B18A9 /* UIImage+Watermark.m in Sources */ = {isa = PBXBuildFile; fileRef = E72BCEA5255A784F003B18A9 /* UIImage+Watermark.m */; };
		E72BCEB2255A94F8003B18A9 /* DrawingBoardTextView.m in Sources */ = {isa = PBXBuildFile; fileRef = E72BCEB1255A94F8003B18A9 /* DrawingBoardTextView.m */; };
		E72BCEBB255A98E3003B18A9 /* DBEditViewController.m in Sources */ = {isa = PBXBuildFile; fileRef = E72BCEBA255A98E3003B18A9 /* DBEditViewController.m */; };
		E72BCEC1255A9977003B18A9 /* UIViewController+Utils.m in Sources */ = {isa = PBXBuildFile; fileRef = E72BCEC0255A9977003B18A9 /* UIViewController+Utils.m */; };
/* End PBXBuildFile section */

/* Begin PBXContainerItemProxy section */
		E72BCE56255A2733003B18A9 /* PBXContainerItemProxy */ = {
			isa = PBXContainerItemProxy;
			containerPortal = E72BCE32255A2730003B18A9 /* Project object */;
			proxyType = 1;
			remoteGlobalIDString = E72BCE39255A2730003B18A9;
			remoteInfo = Gesture;
		};
		E72BCE61255A2733003B18A9 /* PBXContainerItemProxy */ = {
			isa = PBXContainerItemProxy;
			containerPortal = E72BCE32255A2730003B18A9 /* Project object */;
			proxyType = 1;
			remoteGlobalIDString = E72BCE39255A2730003B18A9;
			remoteInfo = Gesture;
		};
/* End PBXContainerItemProxy section */

/* Begin PBXFileReference section */
		E72BCE3A255A2730003B18A9 /* Gesture.app */ = {isa = PBXFileReference; explicitFileType = wrapper.application; includeInIndex = 0; path = Gesture.app; sourceTree = BUILT_PRODUCTS_DIR; };
		E72BCE3D255A2730003B18A9 /* AppDelegate.h */ = {isa = PBXFileReference; lastKnownFileType = sourcecode.c.h; path = AppDelegate.h; sourceTree = "<group>"; };
		E72BCE3E255A2730003B18A9 /* AppDelegate.m */ = {isa = PBXFileReference; lastKnownFileType = sourcecode.c.objc; path = AppDelegate.m; sourceTree = "<group>"; };
		E72BCE43255A2730003B18A9 /* ViewController.h */ = {isa = PBXFileReference; lastKnownFileType = sourcecode.c.h; path = ViewController.h; sourceTree = "<group>"; };
		E72BCE44255A2730003B18A9 /* ViewController.m */ = {isa = PBXFileReference; lastKnownFileType = sourcecode.c.objc; path = ViewController.m; sourceTree = "<group>"; };
		E72BCE47255A2730003B18A9 /* Base */ = {isa = PBXFileReference; lastKnownFileType = file.storyboard; name = Base; path = Base.lproj/Main.storyboard; sourceTree = "<group>"; };
		E72BCE49255A2733003B18A9 /* Assets.xcassets */ = {isa = PBXFileReference; lastKnownFileType = folder.assetcatalog; path = Assets.xcassets; sourceTree = "<group>"; };
		E72BCE4C255A2733003B18A9 /* Base */ = {isa = PBXFileReference; lastKnownFileType = file.storyboard; name = Base; path = Base.lproj/LaunchScreen.storyboard; sourceTree = "<group>"; };
		E72BCE4E255A2733003B18A9 /* Info.plist */ = {isa = PBXFileReference; lastKnownFileType = text.plist.xml; path = Info.plist; sourceTree = "<group>"; };
		E72BCE4F255A2733003B18A9 /* main.m */ = {isa = PBXFileReference; lastKnownFileType = sourcecode.c.objc; path = main.m; sourceTree = "<group>"; };
		E72BCE55255A2733003B18A9 /* GestureTests.xctest */ = {isa = PBXFileReference; explicitFileType = wrapper.cfbundle; includeInIndex = 0; path = GestureTests.xctest; sourceTree = BUILT_PRODUCTS_DIR; };
		E72BCE59255A2733003B18A9 /* GestureTests.m */ = {isa = PBXFileReference; lastKnownFileType = sourcecode.c.objc; path = GestureTests.m; sourceTree = "<group>"; };
		E72BCE5B255A2733003B18A9 /* Info.plist */ = {isa = PBXFileReference; lastKnownFileType = text.plist.xml; path = Info.plist; sourceTree = "<group>"; };
		E72BCE60255A2733003B18A9 /* GestureUITests.xctest */ = {isa = PBXFileReference; explicitFileType = wrapper.cfbundle; includeInIndex = 0; path = GestureUITests.xctest; sourceTree = BUILT_PRODUCTS_DIR; };
		E72BCE64255A2733003B18A9 /* GestureUITests.m */ = {isa = PBXFileReference; lastKnownFileType = sourcecode.c.objc; path = GestureUITests.m; sourceTree = "<group>"; };
		E72BCE66255A2733003B18A9 /* Info.plist */ = {isa = PBXFileReference; lastKnownFileType = text.plist.xml; path = Info.plist; sourceTree = "<group>"; };
		E72BCE7B255A3C5D003B18A9 /* DrawingBoard.h */ = {isa = PBXFileReference; lastKnownFileType = sourcecode.c.h; path = DrawingBoard.h; sourceTree = "<group>"; };
		E72BCE7C255A3C5D003B18A9 /* DrawingBoard.m */ = {isa = PBXFileReference; lastKnownFileType = sourcecode.c.objc; path = DrawingBoard.m; sourceTree = "<group>"; };
		E72BCE81255A46DA003B18A9 /* DrawingBoardImageView.h */ = {isa = PBXFileReference; lastKnownFileType = sourcecode.c.h; path = DrawingBoardImageView.h; sourceTree = "<group>"; };
		E72BCE82255A46DA003B18A9 /* DrawingBoardImageView.m */ = {isa = PBXFileReference; lastKnownFileType = sourcecode.c.objc; path = DrawingBoardImageView.m; sourceTree = "<group>"; };
		E72BCE8C255A6840003B18A9 /* 1.png */ = {isa = PBXFileReference; lastKnownFileType = image.png; path = 1.png; sourceTree = "<group>"; };
		E72BCE9C255A6A96003B18A9 /* background.png */ = {isa = PBXFileReference; lastKnownFileType = image.png; path = background.png; sourceTree = "<group>"; };
		E72BCEA4255A784F003B18A9 /* UIImage+Watermark.h */ = {isa = PBXFileReference; fileEncoding = 4; lastKnownFileType = sourcecode.c.h; path = "UIImage+Watermark.h"; sourceTree = "<group>"; };
		E72BCEA5255A784F003B18A9 /* UIImage+Watermark.m */ = {isa = PBXFileReference; fileEncoding = 4; lastKnownFileType = sourcecode.c.objc; path = "UIImage+Watermark.m"; sourceTree = "<group>"; };
		E72BCEB0255A94F8003B18A9 /* DrawingBoardTextView.h */ = {isa = PBXFileReference; lastKnownFileType = sourcecode.c.h; path = DrawingBoardTextView.h; sourceTree = "<group>"; };
		E72BCEB1255A94F8003B18A9 /* DrawingBoardTextView.m */ = {isa = PBXFileReference; lastKnownFileType = sourcecode.c.objc; path = DrawingBoardTextView.m; sourceTree = "<group>"; };
		E72BCEB9255A98E3003B18A9 /* DBEditViewController.h */ = {isa = PBXFileReference; lastKnownFileType = sourcecode.c.h; path = DBEditViewController.h; sourceTree = "<group>"; };
		E72BCEBA255A98E3003B18A9 /* DBEditViewController.m */ = {isa = PBXFileReference; lastKnownFileType = sourcecode.c.objc; path = DBEditViewController.m; sourceTree = "<group>"; };
		E72BCEBF255A9977003B18A9 /* UIViewController+Utils.h */ = {isa = PBXFileReference; fileEncoding = 4; lastKnownFileType = sourcecode.c.h; path = "UIViewController+Utils.h"; sourceTree = "<group>"; };
		E72BCEC0255A9977003B18A9 /* UIViewController+Utils.m */ = {isa = PBXFileReference; fileEncoding = 4; lastKnownFileType = sourcecode.c.objc; path = "UIViewController+Utils.m"; sourceTree = "<group>"; };
/* End PBXFileReference section */

/* Begin PBXFrameworksBuildPhase section */
		E72BCE37255A2730003B18A9 /* Frameworks */ = {
			isa = PBXFrameworksBuildPhase;
			buildActionMask = 2147483647;
			files = (
			);
			runOnlyForDeploymentPostprocessing = 0;
		};
		E72BCE52255A2733003B18A9 /* Frameworks */ = {
			isa = PBXFrameworksBuildPhase;
			buildActionMask = 2147483647;
			files = (
			);
			runOnlyForDeploymentPostprocessing = 0;
		};
		E72BCE5D255A2733003B18A9 /* Frameworks */ = {
			isa = PBXFrameworksBuildPhase;
			buildActionMask = 2147483647;
			files = (
			);
			runOnlyForDeploymentPostprocessing = 0;
		};
/* End PBXFrameworksBuildPhase section */

/* Begin PBXGroup section */
		E72BCE31255A2730003B18A9 = {
			isa = PBXGroup;
			children = (
				E72BCE3C255A2730003B18A9 /* Gesture */,
				E72BCE58255A2733003B18A9 /* GestureTests */,
				E72BCE63255A2733003B18A9 /* GestureUITests */,
				E72BCE3B255A2730003B18A9 /* Products */,
			);
			sourceTree = "<group>";
		};
		E72BCE3B255A2730003B18A9 /* Products */ = {
			isa = PBXGroup;
			children = (
				E72BCE3A255A2730003B18A9 /* Gesture.app */,
				E72BCE55255A2733003B18A9 /* GestureTests.xctest */,
				E72BCE60255A2733003B18A9 /* GestureUITests.xctest */,
			);
			name = Products;
			sourceTree = "<group>";
		};
		E72BCE3C255A2730003B18A9 /* Gesture */ = {
			isa = PBXGroup;
			children = (
				E72BCE3D255A2730003B18A9 /* AppDelegate.h */,
				E72BCE3E255A2730003B18A9 /* AppDelegate.m */,
				E72BCE43255A2730003B18A9 /* ViewController.h */,
				E72BCE44255A2730003B18A9 /* ViewController.m */,
				E72BCE7B255A3C5D003B18A9 /* DrawingBoard.h */,
				E72BCE7C255A3C5D003B18A9 /* DrawingBoard.m */,
				E72BCE81255A46DA003B18A9 /* DrawingBoardImageView.h */,
				E72BCE82255A46DA003B18A9 /* DrawingBoardImageView.m */,
				E72BCEB0255A94F8003B18A9 /* DrawingBoardTextView.h */,
				E72BCEB1255A94F8003B18A9 /* DrawingBoardTextView.m */,
				E72BCEB9255A98E3003B18A9 /* DBEditViewController.h */,
				E72BCEBA255A98E3003B18A9 /* DBEditViewController.m */,
				E72BCEBF255A9977003B18A9 /* UIViewController+Utils.h */,
				E72BCEC0255A9977003B18A9 /* UIViewController+Utils.m */,
				E72BCEA4255A784F003B18A9 /* UIImage+Watermark.h */,
				E72BCEA5255A784F003B18A9 /* UIImage+Watermark.m */,
				E72BCE9C255A6A96003B18A9 /* background.png */,
				E72BCE8C255A6840003B18A9 /* 1.png */,
				E72BCE46255A2730003B18A9 /* Main.storyboard */,
				E72BCE49255A2733003B18A9 /* Assets.xcassets */,
				E72BCE4B255A2733003B18A9 /* LaunchScreen.storyboard */,
				E72BCE4E255A2733003B18A9 /* Info.plist */,
				E72BCE4F255A2733003B18A9 /* main.m */,
			);
			path = Gesture;
			sourceTree = "<group>";
		};
		E72BCE58255A2733003B18A9 /* GestureTests */ = {
			isa = PBXGroup;
			children = (
				E72BCE59255A2733003B18A9 /* GestureTests.m */,
				E72BCE5B255A2733003B18A9 /* Info.plist */,
			);
			path = GestureTests;
			sourceTree = "<group>";
		};
		E72BCE63255A2733003B18A9 /* GestureUITests */ = {
			isa = PBXGroup;
			children = (
				E72BCE64255A2733003B18A9 /* GestureUITests.m */,
				E72BCE66255A2733003B18A9 /* Info.plist */,
			);
			path = GestureUITests;
			sourceTree = "<group>";
		};
/* End PBXGroup section */

/* Begin PBXNativeTarget section */
		E72BCE39255A2730003B18A9 /* Gesture */ = {
			isa = PBXNativeTarget;
			buildConfigurationList = E72BCE69255A2733003B18A9 /* Build configuration list for PBXNativeTarget "Gesture" */;
			buildPhases = (
				E72BCE36255A2730003B18A9 /* Sources */,
				E72BCE37255A2730003B18A9 /* Frameworks */,
				E72BCE38255A2730003B18A9 /* Resources */,
			);
			buildRules = (
			);
			dependencies = (
			);
			name = Gesture;
			productName = Gesture;
			productReference = E72BCE3A255A2730003B18A9 /* Gesture.app */;
			productType = "com.apple.product-type.application";
		};
		E72BCE54255A2733003B18A9 /* GestureTests */ = {
			isa = PBXNativeTarget;
			buildConfigurationList = E72BCE6C255A2733003B18A9 /* Build configuration list for PBXNativeTarget "GestureTests" */;
			buildPhases = (
				E72BCE51255A2733003B18A9 /* Sources */,
				E72BCE52255A2733003B18A9 /* Frameworks */,
				E72BCE53255A2733003B18A9 /* Resources */,
			);
			buildRules = (
			);
			dependencies = (
				E72BCE57255A2733003B18A9 /* PBXTargetDependency */,
			);
			name = GestureTests;
			productName = GestureTests;
			productReference = E72BCE55255A2733003B18A9 /* GestureTests.xctest */;
			productType = "com.apple.product-type.bundle.unit-test";
		};
		E72BCE5F255A2733003B18A9 /* GestureUITests */ = {
			isa = PBXNativeTarget;
			buildConfigurationList = E72BCE6F255A2733003B18A9 /* Build configuration list for PBXNativeTarget "GestureUITests" */;
			buildPhases = (
				E72BCE5C255A2733003B18A9 /* Sources */,
				E72BCE5D255A2733003B18A9 /* Frameworks */,
				E72BCE5E255A2733003B18A9 /* Resources */,
			);
			buildRules = (
			);
			dependencies = (
				E72BCE62255A2733003B18A9 /* PBXTargetDependency */,
			);
			name = GestureUITests;
			productName = GestureUITests;
			productReference = E72BCE60255A2733003B18A9 /* GestureUITests.xctest */;
			productType = "com.apple.product-type.bundle.ui-testing";
		};
/* End PBXNativeTarget section */

/* Begin PBXProject section */
		E72BCE32255A2730003B18A9 /* Project object */ = {
			isa = PBXProject;
			attributes = {
				LastUpgradeCheck = 1210;
				TargetAttributes = {
					E72BCE39255A2730003B18A9 = {
						CreatedOnToolsVersion = 12.1;
					};
					E72BCE54255A2733003B18A9 = {
						CreatedOnToolsVersion = 12.1;
						TestTargetID = E72BCE39255A2730003B18A9;
					};
					E72BCE5F255A2733003B18A9 = {
						CreatedOnToolsVersion = 12.1;
						TestTargetID = E72BCE39255A2730003B18A9;
					};
				};
			};
			buildConfigurationList = E72BCE35255A2730003B18A9 /* Build configuration list for PBXProject "Gesture" */;
			compatibilityVersion = "Xcode 9.3";
			developmentRegion = en;
			hasScannedForEncodings = 0;
			knownRegions = (
				en,
				Base,
			);
			mainGroup = E72BCE31255A2730003B18A9;
			productRefGroup = E72BCE3B255A2730003B18A9 /* Products */;
			projectDirPath = "";
			projectRoot = "";
			targets = (
				E72BCE39255A2730003B18A9 /* Gesture */,
				E72BCE54255A2733003B18A9 /* GestureTests */,
				E72BCE5F255A2733003B18A9 /* GestureUITests */,
			);
		};
/* End PBXProject section */

/* Begin PBXResourcesBuildPhase section */
		E72BCE38255A2730003B18A9 /* Resources */ = {
			isa = PBXResourcesBuildPhase;
			buildActionMask = 2147483647;
			files = (
				E72BCE4D255A2733003B18A9 /* LaunchScreen.storyboard in Resources */,
				E72BCE9D255A6A96003B18A9 /* background.png in Resources */,
				E72BCE4A255A2733003B18A9 /* Assets.xcassets in Resources */,
				E72BCE8D255A6840003B18A9 /* 1.png in Resources */,
				E72BCE48255A2730003B18A9 /* Main.storyboard in Resources */,
			);
			runOnlyForDeploymentPostprocessing = 0;
		};
		E72BCE53255A2733003B18A9 /* Resources */ = {
			isa = PBXResourcesBuildPhase;
			buildActionMask = 2147483647;
			files = (
			);
			runOnlyForDeploymentPostprocessing = 0;
		};
		E72BCE5E255A2733003B18A9 /* Resources */ = {
			isa = PBXResourcesBuildPhase;
			buildActionMask = 2147483647;
			files = (
			);
			runOnlyForDeploymentPostprocessing = 0;
		};
/* End PBXResourcesBuildPhase section */

/* Begin PBXSourcesBuildPhase section */
		E72BCE36255A2730003B18A9 /* Sources */ = {
			isa = PBXSourcesBuildPhase;
			buildActionMask = 2147483647;
			files = (
				E72BCEA6255A784F003B18A9 /* UIImage+Watermark.m in Sources */,
				E72BCE45255A2730003B18A9 /* ViewController.m in Sources */,
				E72BCE7D255A3C5D003B18A9 /* DrawingBoard.m in Sources */,
				E72BCE83255A46DA003B18A9 /* DrawingBoardImageView.m in Sources */,
				E72BCEB2255A94F8003B18A9 /* DrawingBoardTextView.m in Sources */,
				E72BCE3F255A2730003B18A9 /* AppDelegate.m in Sources */,
				E72BCE50255A2733003B18A9 /* main.m in Sources */,
				E72BCEBB255A98E3003B18A9 /* DBEditViewController.m in Sources */,
				E72BCEC1255A9977003B18A9 /* UIViewController+Utils.m in Sources */,
			);
			runOnlyForDeploymentPostprocessing = 0;
		};
		E72BCE51255A2733003B18A9 /* Sources */ = {
			isa = PBXSourcesBuildPhase;
			buildActionMask = 2147483647;
			files = (
				E72BCE5A255A2733003B18A9 /* GestureTests.m in Sources */,
			);
			runOnlyForDeploymentPostprocessing = 0;
		};
		E72BCE5C255A2733003B18A9 /* Sources */ = {
			isa = PBXSourcesBuildPhase;
			buildActionMask = 2147483647;
			files = (
				E72BCE65255A2733003B18A9 /* GestureUITests.m in Sources */,
			);
			runOnlyForDeploymentPostprocessing = 0;
		};
/* End PBXSourcesBuildPhase section */

/* Begin PBXTargetDependency section */
		E72BCE57255A2733003B18A9 /* PBXTargetDependency */ = {
			isa = PBXTargetDependency;
			target = E72BCE39255A2730003B18A9 /* Gesture */;
			targetProxy = E72BCE56255A2733003B18A9 /* PBXContainerItemProxy */;
		};
		E72BCE62255A2733003B18A9 /* PBXTargetDependency */ = {
			isa = PBXTargetDependency;
			target = E72BCE39255A2730003B18A9 /* Gesture */;
			targetProxy = E72BCE61255A2733003B18A9 /* PBXContainerItemProxy */;
		};
/* End PBXTargetDependency section */

/* Begin PBXVariantGroup section */
		E72BCE46255A2730003B18A9 /* Main.storyboard */ = {
			isa = PBXVariantGroup;
			children = (
				E72BCE47255A2730003B18A9 /* Base */,
			);
			name = Main.storyboard;
			sourceTree = "<group>";
		};
		E72BCE4B255A2733003B18A9 /* LaunchScreen.storyboard */ = {
			isa = PBXVariantGroup;
			children = (
				E72BCE4C255A2733003B18A9 /* Base */,
			);
			name = LaunchScreen.storyboard;
			sourceTree = "<group>";
		};
/* End PBXVariantGroup section */

/* Begin XCBuildConfiguration section */
		E72BCE67255A2733003B18A9 /* Debug */ = {
			isa = XCBuildConfiguration;
			buildSettings = {
				ALWAYS_SEARCH_USER_PATHS = NO;
				CLANG_ANALYZER_NONNULL = YES;
				CLANG_ANALYZER_NUMBER_OBJECT_CONVERSION = YES_AGGRESSIVE;
				CLANG_CXX_LANGUAGE_STANDARD = "gnu++14";
				CLANG_CXX_LIBRARY = "libc++";
				CLANG_ENABLE_MODULES = YES;
				CLANG_ENABLE_OBJC_ARC = YES;
				CLANG_ENABLE_OBJC_WEAK = YES;
				CLANG_WARN_BLOCK_CAPTURE_AUTORELEASING = YES;
				CLANG_WARN_BOOL_CONVERSION = YES;
				CLANG_WARN_COMMA = YES;
				CLANG_WARN_CONSTANT_CONVERSION = YES;
				CLANG_WARN_DEPRECATED_OBJC_IMPLEMENTATIONS = YES;
				CLANG_WARN_DIRECT_OBJC_ISA_USAGE = YES_ERROR;
				CLANG_WARN_DOCUMENTATION_COMMENTS = YES;
				CLANG_WARN_EMPTY_BODY = YES;
				CLANG_WARN_ENUM_CONVERSION = YES;
				CLANG_WARN_INFINITE_RECURSION = YES;
				CLANG_WARN_INT_CONVERSION = YES;
				CLANG_WARN_NON_LITERAL_NULL_CONVERSION = YES;
				CLANG_WARN_OBJC_IMPLICIT_RETAIN_SELF = YES;
				CLANG_WARN_OBJC_LITERAL_CONVERSION = YES;
				CLANG_WARN_OBJC_ROOT_CLASS = YES_ERROR;
				CLANG_WARN_QUOTED_INCLUDE_IN_FRAMEWORK_HEADER = YES;
				CLANG_WARN_RANGE_LOOP_ANALYSIS = YES;
				CLANG_WARN_STRICT_PROTOTYPES = YES;
				CLANG_WARN_SUSPICIOUS_MOVE = YES;
				CLANG_WARN_UNGUARDED_AVAILABILITY = YES_AGGRESSIVE;
				CLANG_WARN_UNREACHABLE_CODE = YES;
				CLANG_WARN__DUPLICATE_METHOD_MATCH = YES;
				COPY_PHASE_STRIP = NO;
				DEBUG_INFORMATION_FORMAT = dwarf;
				ENABLE_STRICT_OBJC_MSGSEND = YES;
				ENABLE_TESTABILITY = YES;
				GCC_C_LANGUAGE_STANDARD = gnu11;
				GCC_DYNAMIC_NO_PIC = NO;
				GCC_NO_COMMON_BLOCKS = YES;
				GCC_OPTIMIZATION_LEVEL = 0;
				GCC_PREPROCESSOR_DEFINITIONS = (
					"DEBUG=1",
					"$(inherited)",
				);
				GCC_WARN_64_TO_32_BIT_CONVERSION = YES;
				GCC_WARN_ABOUT_RETURN_TYPE = YES_ERROR;
				GCC_WARN_UNDECLARED_SELECTOR = YES;
				GCC_WARN_UNINITIALIZED_AUTOS = YES_AGGRESSIVE;
				GCC_WARN_UNUSED_FUNCTION = YES;
				GCC_WARN_UNUSED_VARIABLE = YES;
				IPHONEOS_DEPLOYMENT_TARGET = 14.1;
				MTL_ENABLE_DEBUG_INFO = INCLUDE_SOURCE;
				MTL_FAST_MATH = YES;
				ONLY_ACTIVE_ARCH = YES;
				SDKROOT = iphoneos;
			};
			name = Debug;
		};
		E72BCE68255A2733003B18A9 /* Release */ = {
			isa = XCBuildConfiguration;
			buildSettings = {
				ALWAYS_SEARCH_USER_PATHS = NO;
				CLANG_ANALYZER_NONNULL = YES;
				CLANG_ANALYZER_NUMBER_OBJECT_CONVERSION = YES_AGGRESSIVE;
				CLANG_CXX_LANGUAGE_STANDARD = "gnu++14";
				CLANG_CXX_LIBRARY = "libc++";
				CLANG_ENABLE_MODULES = YES;
				CLANG_ENABLE_OBJC_ARC = YES;
				CLANG_ENABLE_OBJC_WEAK = YES;
				CLANG_WARN_BLOCK_CAPTURE_AUTORELEASING = YES;
				CLANG_WARN_BOOL_CONVERSION = YES;
				CLANG_WARN_COMMA = YES;
				CLANG_WARN_CONSTANT_CONVERSION = YES;
				CLANG_WARN_DEPRECATED_OBJC_IMPLEMENTATIONS = YES;
				CLANG_WARN_DIRECT_OBJC_ISA_USAGE = YES_ERROR;
				CLANG_WARN_DOCUMENTATION_COMMENTS = YES;
				CLANG_WARN_EMPTY_BODY = YES;
				CLANG_WARN_ENUM_CONVERSION = YES;
				CLANG_WARN_INFINITE_RECURSION = YES;
				CLANG_WARN_INT_CONVERSION = YES;
				CLANG_WARN_NON_LITERAL_NULL_CONVERSION = YES;
				CLANG_WARN_OBJC_IMPLICIT_RETAIN_SELF = YES;
				CLANG_WARN_OBJC_LITERAL_CONVERSION = YES;
				CLANG_WARN_OBJC_ROOT_CLASS = YES_ERROR;
				CLANG_WARN_QUOTED_INCLUDE_IN_FRAMEWORK_HEADER = YES;
				CLANG_WARN_RANGE_LOOP_ANALYSIS = YES;
				CLANG_WARN_STRICT_PROTOTYPES = YES;
				CLANG_WARN_SUSPICIOUS_MOVE = YES;
				CLANG_WARN_UNGUARDED_AVAILABILITY = YES_AGGRESSIVE;
				CLANG_WARN_UNREACHABLE_CODE = YES;
				CLANG_WARN__DUPLICATE_METHOD_MATCH = YES;
				COPY_PHASE_STRIP = NO;
				DEBUG_INFORMATION_FORMAT = "dwarf-with-dsym";
				ENABLE_NS_ASSERTIONS = NO;
				ENABLE_STRICT_OBJC_MSGSEND = YES;
				GCC_C_LANGUAGE_STANDARD = gnu11;
				GCC_NO_COMMON_BLOCKS = YES;
				GCC_WARN_64_TO_32_BIT_CONVERSION = YES;
				GCC_WARN_ABOUT_RETURN_TYPE = YES_ERROR;
				GCC_WARN_UNDECLARED_SELECTOR = YES;
				GCC_WARN_UNINITIALIZED_AUTOS = YES_AGGRESSIVE;
				GCC_WARN_UNUSED_FUNCTION = YES;
				GCC_WARN_UNUSED_VARIABLE = YES;
				IPHONEOS_DEPLOYMENT_TARGET = 14.1;
				MTL_ENABLE_DEBUG_INFO = NO;
				MTL_FAST_MATH = YES;
				SDKROOT = iphoneos;
				VALIDATE_PRODUCT = YES;
			};
			name = Release;
		};
		E72BCE6A255A2733003B18A9 /* Debug */ = {
			isa = XCBuildConfiguration;
			buildSettings = {
				ASSETCATALOG_COMPILER_APPICON_NAME = AppIcon;
				ASSETCATALOG_COMPILER_GLOBAL_ACCENT_COLOR_NAME = AccentColor;
				CODE_SIGN_STYLE = Automatic;
				DEVELOPMENT_TEAM = KCXSK3HU9Q;
				INFOPLIST_FILE = Gesture/Info.plist;
				LD_RUNPATH_SEARCH_PATHS = (
					"$(inherited)",
					"@executable_path/Frameworks",
				);
				PRODUCT_BUNDLE_IDENTIFIER = alan.Gesture;
				PRODUCT_NAME = "$(TARGET_NAME)";
				TARGETED_DEVICE_FAMILY = "1,2";
			};
			name = Debug;
		};
		E72BCE6B255A2733003B18A9 /* Release */ = {
			isa = XCBuildConfiguration;
			buildSettings = {
				ASSETCATALOG_COMPILER_APPICON_NAME = AppIcon;
				ASSETCATALOG_COMPILER_GLOBAL_ACCENT_COLOR_NAME = AccentColor;
				CODE_SIGN_STYLE = Automatic;
				DEVELOPMENT_TEAM = KCXSK3HU9Q;
				INFOPLIST_FILE = Gesture/Info.plist;
				LD_RUNPATH_SEARCH_PATHS = (
					"$(inherited)",
					"@executable_path/Frameworks",
				);
				PRODUCT_BUNDLE_IDENTIFIER = alan.Gesture;
				PRODUCT_NAME = "$(TARGET_NAME)";
				TARGETED_DEVICE_FAMILY = "1,2";
			};
			name = Release;
		};
		E72BCE6D255A2733003B18A9 /* Debug */ = {
			isa = XCBuildConfiguration;
			buildSettings = {
				BUNDLE_LOADER = "$(TEST_HOST)";
				CODE_SIGN_STYLE = Automatic;
				DEVELOPMENT_TEAM = KCXSK3HU9Q;
				INFOPLIST_FILE = GestureTests/Info.plist;
				IPHONEOS_DEPLOYMENT_TARGET = 14.1;
				LD_RUNPATH_SEARCH_PATHS = (
					"$(inherited)",
					"@executable_path/Frameworks",
					"@loader_path/Frameworks",
				);
				PRODUCT_BUNDLE_IDENTIFIER = alan.GestureTests;
				PRODUCT_NAME = "$(TARGET_NAME)";
				TARGETED_DEVICE_FAMILY = "1,2";
				TEST_HOST = "$(BUILT_PRODUCTS_DIR)/Gesture.app/Gesture";
			};
			name = Debug;
		};
		E72BCE6E255A2733003B18A9 /* Release */ = {
			isa = XCBuildConfiguration;
			buildSettings = {
				BUNDLE_LOADER = "$(TEST_HOST)";
				CODE_SIGN_STYLE = Automatic;
				DEVELOPMENT_TEAM = KCXSK3HU9Q;
				INFOPLIST_FILE = GestureTests/Info.plist;
				IPHONEOS_DEPLOYMENT_TARGET = 14.1;
				LD_RUNPATH_SEARCH_PATHS = (
					"$(inherited)",
					"@executable_path/Frameworks",
					"@loader_path/Frameworks",
				);
				PRODUCT_BUNDLE_IDENTIFIER = alan.GestureTests;
				PRODUCT_NAME = "$(TARGET_NAME)";
				TARGETED_DEVICE_FAMILY = "1,2";
				TEST_HOST = "$(BUILT_PRODUCTS_DIR)/Gesture.app/Gesture";
			};
			name = Release;
		};
		E72BCE70255A2733003B18A9 /* Debug */ = {
			isa = XCBuildConfiguration;
			buildSettings = {
				CODE_SIGN_STYLE = Automatic;
				DEVELOPMENT_TEAM = KCXSK3HU9Q;
				INFOPLIST_FILE = GestureUITests/Info.plist;
				LD_RUNPATH_SEARCH_PATHS = (
					"$(inherited)",
					"@executable_path/Frameworks",
					"@loader_path/Frameworks",
				);
				PRODUCT_BUNDLE_IDENTIFIER = alan.GestureUITests;
				PRODUCT_NAME = "$(TARGET_NAME)";
				TARGETED_DEVICE_FAMILY = "1,2";
				TEST_TARGET_NAME = Gesture;
			};
			name = Debug;
		};
		E72BCE71255A2733003B18A9 /* Release */ = {
			isa = XCBuildConfiguration;
			buildSettings = {
				CODE_SIGN_STYLE = Automatic;
				DEVELOPMENT_TEAM = KCXSK3HU9Q;
				INFOPLIST_FILE = GestureUITests/Info.plist;
				LD_RUNPATH_SEARCH_PATHS = (
					"$(inherited)",
					"@executable_path/Frameworks",
					"@loader_path/Frameworks",
				);
				PRODUCT_BUNDLE_IDENTIFIER = alan.GestureUITests;
				PRODUCT_NAME = "$(TARGET_NAME)";
				TARGETED_DEVICE_FAMILY = "1,2";
				TEST_TARGET_NAME = Gesture;
			};
			name = Release;
		};
/* End XCBuildConfiguration section */

/* Begin XCConfigurationList section */
		E72BCE35255A2730003B18A9 /* Build configuration list for PBXProject "Gesture" */ = {
			isa = XCConfigurationList;
			buildConfigurations = (
				E72BCE67255A2733003B18A9 /* Debug */,
				E72BCE68255A2733003B18A9 /* Release */,
			);
			defaultConfigurationIsVisible = 0;
			defaultConfigurationName = Release;
		};
		E72BCE69255A2733003B18A9 /* Build configuration list for PBXNativeTarget "Gesture" */ = {
			isa = XCConfigurationList;
			buildConfigurations = (
				E72BCE6A255A2733003B18A9 /* Debug */,
				E72BCE6B255A2733003B18A9 /* Release */,
			);
			defaultConfigurationIsVisible = 0;
			defaultConfigurationName = Release;
		};
		E72BCE6C255A2733003B18A9 /* Build configuration list for PBXNativeTarget "GestureTests" */ = {
			isa = XCConfigurationList;
			buildConfigurations = (
				E72BCE6D255A2733003B18A9 /* Debug */,
				E72BCE6E255A2733003B18A9 /* Release */,
			);
			defaultConfigurationIsVisible = 0;
			defaultConfigurationName = Release;
		};
		E72BCE6F255A2733003B18A9 /* Build configuration list for PBXNativeTarget "GestureUITests" */ = {
			isa = XCConfigurationList;
			buildConfigurations = (
				E72BCE70255A2733003B18A9 /* Debug */,
				E72BCE71255A2733003B18A9 /* Release */,
			);
			defaultConfigurationIsVisible = 0;
			defaultConfigurationName = Release;
		};
/* End XCConfigurationList section */
	};
	rootObject = E72BCE32255A2730003B18A9 /* Project object */;
}
